
Microsoft Visual Studio Solution File, Format Version 12.00
# Visual Studio Version 16
VisualStudioVersion = 16.0.30413.136
MinimumVisualStudioVersion = 10.0.40219.1
Project("{FAE04EC0-301F-11D3-BF4B-00C04F79EFBC}") = "EmployeeApp", "EmployeeApp.csproj", "{96746D49-2A44-4823-9296-20D9B86FB309}"
EndProject
Global
	GlobalSection(SolutionConfigurationPlatforms) = preSolution
		Debug|Any CPU = Debug|Any CPU
		Release|Any CPU = Release|Any CPU
	EndGlobalSection
	GlobalSection(ProjectConfigurationPlatforms) = postSolution
		{96746D49-2A44-4823-9296-20D9B86FB309}.Debug|Any CPU.ActiveCfg = Debug|Any CPU
		{96746D49-2A44-4823-9296-20D9B86FB309}.Debug|Any CPU.Build.0 = Debug|Any CPU
		{96746D49-2A44-4823-9296-20D9B86FB309}.Release|Any CPU.ActiveCfg = Release|Any CPU
		{96746D49-2A44-4823-9296-20D9B86FB309}.Release|Any CPU.Build.0 = Release|Any CPU
	EndGlobalSection
	GlobalSection(SolutionProperties) = preSolution
		HideSolutionNode = FALSE
	EndGlobalSection
	GlobalSection(ExtensibilityGlobals) = postSolution
		SolutionGuid = {3F38B60C-8023-48FA-8549-02C58A31F670}
	EndGlobalSection
EndGlobal
